
Microsoft Visual Studio Solution File, Format Version 12.00
# Visual Studio 14
VisualStudioVersion = 14.0.23107.0
MinimumVisualStudioVersion = 10.0.40219.1
Project("{FAE04EC0-301F-11D3-BF4B-00C04F79EFBC}") = "Trees", "Trees\Trees.csproj", "{890473F2-D9A5-4D18-928B-FA83D5E85F9D}"
EndProject
Project("{FAE04EC0-301F-11D3-BF4B-00C04F79EFBC}") = "ConsoleClient", "ConsoleClient\ConsoleClient.csproj", "{6B37408B-0302-4F16-A08C-91F9C22351A3}"
EndProject
Global
	GlobalSection(SolutionConfigurationPlatforms) = preSolution
		Debug|Any CPU = Debug|Any CPU
		Release|Any CPU = Release|Any CPU
	EndGlobalSection
	GlobalSection(ProjectConfigurationPlatforms) = postSolution
		{890473F2-D9A5-4D18-928B-FA83D5E85F9D}.Debug|Any CPU.ActiveCfg = Debug|Any CPU
		{890473F2-D9A5-4D18-928B-FA83D5E85F9D}.Debug|Any CPU.Build.0 = Debug|Any CPU
		{890473F2-D9A5-4D18-928B-FA83D5E85F9D}.Release|Any CPU.ActiveCfg = Release|Any CPU
		{890473F2-D9A5-4D18-928B-FA83D5E85F9D}.Release|Any CPU.Build.0 = Release|Any CPU
		{6B37408B-0302-4F16-A08C-91F9C22351A3}.Debug|Any CPU.ActiveCfg = Debug|Any CPU
		{6B37408B-0302-4F16-A08C-91F9C22351A3}.Debug|Any CPU.Build.0 = Debug|Any CPU
		{6B37408B-0302-4F16-A08C-91F9C22351A3}.Release|Any CPU.ActiveCfg = Release|Any CPU
		{6B37408B-0302-4F16-A08C-91F9C22351A3}.Release|Any CPU.Build.0 = Release|Any CPU
	EndGlobalSection
	GlobalSection(SolutionProperties) = preSolution
		HideSolutionNode = FALSE
	EndGlobalSection
EndGlobal
