
Microsoft Visual Studio Solution File, Format Version 12.00
# Visual Studio 14
VisualStudioVersion = 14.0.23107.0
MinimumVisualStudioVersion = 10.0.40219.1
Project("{FAE04EC0-301F-11D3-BF4B-00C04F79EFBC}") = "ConsoleClient", "FindAllVectors\ConsoleClient.csproj", "{4F077C1B-6CAB-4E4B-9F14-099BCBD1755D}"
EndProject
Project("{FAE04EC0-301F-11D3-BF4B-00C04F79EFBC}") = "RecursionPractiseLibraly", "RecursionPractiseLibraly\RecursionPractiseLibraly.csproj", "{8C2497F8-2055-4C0E-BCCE-087C77A5D6FE}"
EndProject
Global
	GlobalSection(SolutionConfigurationPlatforms) = preSolution
		Debug|Any CPU = Debug|Any CPU
		Release|Any CPU = Release|Any CPU
	EndGlobalSection
	GlobalSection(ProjectConfigurationPlatforms) = postSolution
		{4F077C1B-6CAB-4E4B-9F14-099BCBD1755D}.Debug|Any CPU.ActiveCfg = Debug|Any CPU
		{4F077C1B-6CAB-4E4B-9F14-099BCBD1755D}.Debug|Any CPU.Build.0 = Debug|Any CPU
		{4F077C1B-6CAB-4E4B-9F14-099BCBD1755D}.Release|Any CPU.ActiveCfg = Release|Any CPU
		{4F077C1B-6CAB-4E4B-9F14-099BCBD1755D}.Release|Any CPU.Build.0 = Release|Any CPU
		{8C2497F8-2055-4C0E-BCCE-087C77A5D6FE}.Debug|Any CPU.ActiveCfg = Debug|Any CPU
		{8C2497F8-2055-4C0E-BCCE-087C77A5D6FE}.Debug|Any CPU.Build.0 = Debug|Any CPU
		{8C2497F8-2055-4C0E-BCCE-087C77A5D6FE}.Release|Any CPU.ActiveCfg = Release|Any CPU
		{8C2497F8-2055-4C0E-BCCE-087C77A5D6FE}.Release|Any CPU.Build.0 = Release|Any CPU
	EndGlobalSection
	GlobalSection(SolutionProperties) = preSolution
		HideSolutionNode = FALSE
	EndGlobalSection
EndGlobal
